
Microsoft Visual Studio Solution File, Format Version 12.00
# Visual Studio Version 17
VisualStudioVersion = 17.13.35828.75
MinimumVisualStudioVersion = 10.0.40219.1
Project("{FAE04EC0-301F-11D3-BF4B-00C04F79EFBC}") = "Funcoes", "Funcoes\Funcoes.csproj", "{8D9E66EA-FC97-4129-B95B-9A0F78D65A87}"
EndProject
Project("{FAE04EC0-301F-11D3-BF4B-00C04F79EFBC}") = "EX", "EX\EX.csproj", "{5B890E07-C1A6-4654-9ADB-089D90F9F1A5}"
EndProject
Global
	GlobalSection(SolutionConfigurationPlatforms) = preSolution
		Debug|Any CPU = Debug|Any CPU
		Release|Any CPU = Release|Any CPU
	EndGlobalSection
	GlobalSection(ProjectConfigurationPlatforms) = postSolution
		{8D9E66EA-FC97-4129-B95B-9A0F78D65A87}.Debug|Any CPU.ActiveCfg = Debug|Any CPU
		{8D9E66EA-FC97-4129-B95B-9A0F78D65A87}.Debug|Any CPU.Build.0 = Debug|Any CPU
		{8D9E66EA-FC97-4129-B95B-9A0F78D65A87}.Release|Any CPU.ActiveCfg = Release|Any CPU
		{8D9E66EA-FC97-4129-B95B-9A0F78D65A87}.Release|Any CPU.Build.0 = Release|Any CPU
		{5B890E07-C1A6-4654-9ADB-089D90F9F1A5}.Debug|Any CPU.ActiveCfg = Debug|Any CPU
		{5B890E07-C1A6-4654-9ADB-089D90F9F1A5}.Debug|Any CPU.Build.0 = Debug|Any CPU
		{5B890E07-C1A6-4654-9ADB-089D90F9F1A5}.Release|Any CPU.ActiveCfg = Release|Any CPU
		{5B890E07-C1A6-4654-9ADB-089D90F9F1A5}.Release|Any CPU.Build.0 = Release|Any CPU
	EndGlobalSection
	GlobalSection(SolutionProperties) = preSolution
		HideSolutionNode = FALSE
	EndGlobalSection
	GlobalSection(ExtensibilityGlobals) = postSolution
		SolutionGuid = {88D6E01B-A38C-4C1A-B0E4-F52FFEE8821D}
	EndGlobalSection
EndGlobal
